
Microsoft Visual Studio Solution File, Format Version 12.00
# Visual Studio 15
VisualStudioVersion = 15.0.28307.1500
MinimumVisualStudioVersion = 10.0.40219.1
Project("{2150E333-8FDC-42A3-9474-1A3956D46DE8}") = "chapter01", "chapter01", "{1D316673-DB6F-4DCF-A0C6-E05A63090648}"
EndProject
Project("{2150E333-8FDC-42A3-9474-1A3956D46DE8}") = "chapter02", "chapter02", "{CBB44E83-FECE-4DFD-9807-22DD288F3D83}"
EndProject
Project("{2150E333-8FDC-42A3-9474-1A3956D46DE8}") = "chapter03", "chapter03", "{020A035D-A9B8-4F3E-AAA4-A3C91E308479}"
EndProject
Project("{2150E333-8FDC-42A3-9474-1A3956D46DE8}") = "chapter04", "chapter04", "{E7B1BE54-9562-47F9-BFEC-45A574606C67}"
EndProject
Project("{2150E333-8FDC-42A3-9474-1A3956D46DE8}") = "chapter05", "chapter05", "{D41A290F-FDFB-4E4D-8103-DEBD67AF617E}"
EndProject
Project("{2150E333-8FDC-42A3-9474-1A3956D46DE8}") = "chapter06", "chapter06", "{4F748B5A-805E-40FC-85EF-6BBB19876528}"
EndProject
Project("{2150E333-8FDC-42A3-9474-1A3956D46DE8}") = "chapter07", "chapter07", "{2CC8C8BA-2A70-4CB9-B457-F76375CD9A73}"
EndProject
Project("{2150E333-8FDC-42A3-9474-1A3956D46DE8}") = "chapter08", "chapter08", "{383AD2D5-0B23-4A65-B95C-C1AD6A1EC82D}"
EndProject
Project("{2150E333-8FDC-42A3-9474-1A3956D46DE8}") = "chapter09", "chapter09", "{265FDA12-96A4-48F3-9AEA-1AC2B92B24A8}"
EndProject
Project("{2150E333-8FDC-42A3-9474-1A3956D46DE8}") = "chapter10", "chapter10", "{7E6CAC13-9379-4C51-8E42-2ECFB6E0F79A}"
EndProject
Project("{2150E333-8FDC-42A3-9474-1A3956D46DE8}") = "chapter11", "chapter11", "{B52F9885-16CE-4DED-B1F3-916B1D6B1736}"
EndProject
Project("{2150E333-8FDC-42A3-9474-1A3956D46DE8}") = "chapter12", "chapter12", "{8CB0D0EE-6D4B-4CE4-9689-636C6359EFA8}"
EndProject
Project("{2150E333-8FDC-42A3-9474-1A3956D46DE8}") = "chapter13", "chapter13", "{A1EC7E96-5591-4A31-AB0B-65648F2AEB47}"
EndProject
Project("{2150E333-8FDC-42A3-9474-1A3956D46DE8}") = "chapter14", "chapter14", "{F4727D34-C46D-471B-9D7A-0D6BC1DE18C6}"
EndProject
Project("{2150E333-8FDC-42A3-9474-1A3956D46DE8}") = "chapter15", "chapter15", "{522ACDD1-2DEC-4D36-9DD1-3AE7680B3946}"
EndProject
Project("{2150E333-8FDC-42A3-9474-1A3956D46DE8}") = "chapter16", "chapter16", "{7985CEF3-4B4F-4397-AE20-2418C85E2EA5}"
EndProject
Project("{2150E333-8FDC-42A3-9474-1A3956D46DE8}") = "chapter17", "chapter17", "{B18B8987-2B89-4102-92BE-1680285DAF51}"
EndProject
Project("{2150E333-8FDC-42A3-9474-1A3956D46DE8}") = "chapter18", "chapter18", "{6B97C605-E366-4323-9A0B-42F7E7573A62}"
EndProject
Project("{8BC9CEB8-8B4A-11D0-8D11-00A0C91BC942}") = "HelloWorld", "chapter01\HelloWorld\HelloWorld.vcxproj", "{639348F5-2559-4495-A61A-AF173FDFF2E7}"
EndProject
Project("{8BC9CEB8-8B4A-11D0-8D11-00A0C91BC942}") = "CullMode", "chapter02\CullMode\CullMode.vcxproj", "{53317DF8-794D-4935-9D9B-AF306C7D840A}"
EndProject
Project("{8BC9CEB8-8B4A-11D0-8D11-00A0C91BC942}") = "FillMode", "chapter02\FillMode\FillMode.vcxproj", "{BFE19F9F-6D57-4F97-8749-6C2234B5BC25}"
EndProject
Project("{8BC9CEB8-8B4A-11D0-8D11-00A0C91BC942}") = "HelloDirect3D", "chapter02\HelloDirect3D\HelloDirect3D.vcxproj", "{E876A8BE-1FE0-47E7-BD72-93E7A50B84A2}"
EndProject
Project("{8BC9CEB8-8B4A-11D0-8D11-00A0C91BC942}") = "IndexBuffer", "chapter02\IndexBuffer\IndexBuffer.vcxproj", "{18036EAB-479E-49C8-ABC1-4F4D4BF44C54}"
EndProject
Project("{8BC9CEB8-8B4A-11D0-8D11-00A0C91BC942}") = "ShadeMode", "chapter02\ShadeMode\ShadeMode.vcxproj", "{3B589CB4-14F5-4C3D-B172-56123B204992}"
EndProject
Project("{8BC9CEB8-8B4A-11D0-8D11-00A0C91BC942}") = "VertexBuffer", "chapter02\VertexBuffer\VertexBuffer.vcxproj", "{645DBE52-7000-4387-9957-E1C560D70ACC}"
EndProject
Project("{8BC9CEB8-8B4A-11D0-8D11-00A0C91BC942}") = "Transform", "chapter03\Transform\Transform.vcxproj", "{D4B0A2FA-04FE-405C-9326-AAE36B0B1A89}"
EndProject
Project("{8BC9CEB8-8B4A-11D0-8D11-00A0C91BC942}") = "LightMaterial", "chapter04\LightMaterial\LightMaterial.vcxproj", "{EAE409AE-E25E-49C3-BFEB-5367AC0BB06A}"
EndProject
Project("{8BC9CEB8-8B4A-11D0-8D11-00A0C91BC942}") = "CreateTexture", "chapter05\CreateTexture\CreateTexture.vcxproj", "{75A3C4D1-2A3F-4036-9D07-083B9327D3DD}"
EndProject
Project("{8BC9CEB8-8B4A-11D0-8D11-00A0C91BC942}") = "TextureAddress", "chapter05\TextureAddress\TextureAddress.vcxproj", "{8FF7EEEE-F38B-4D26-A4E1-36C54195EB8C}"
EndProject
Project("{8BC9CEB8-8B4A-11D0-8D11-00A0C91BC942}") = "TextureFilter", "chapter05\TextureFilter\TextureFilter.vcxproj", "{C8587DA0-E84E-4926-9852-A822E8A7C504}"
EndProject
Project("{8BC9CEB8-8B4A-11D0-8D11-00A0C91BC942}") = "TextureWrap", "chapter05\TextureWrap\TextureWrap.vcxproj", "{EB032996-C0FE-423D-BFE1-717CECB413FF}"
EndProject
Project("{8BC9CEB8-8B4A-11D0-8D11-00A0C91BC942}") = "CreateMesh", "chapter06\CreateMesh\CreateMesh.vcxproj", "{CFBD77F9-F28E-4610-B107-B5FA8DAF2F68}"
EndProject
Project("{8BC9CEB8-8B4A-11D0-8D11-00A0C91BC942}") = "Direct3DMesh", "chapter06\Direct3DMesh\Direct3DMesh.vcxproj", "{640C485E-948E-4CF7-B0B8-5B47BB71BDBD}"
EndProject
Project("{8BC9CEB8-8B4A-11D0-8D11-00A0C91BC942}") = "LoadXFileMesh", "chapter06\LoadXFileMesh\LoadXFileMesh.vcxproj", "{6B7762D8-1FF0-483F-AD9C-9573331D32B7}"
EndProject
Project("{8BC9CEB8-8B4A-11D0-8D11-00A0C91BC942}") = "ProgressiveMesh", "chapter06\ProgressiveMesh\ProgressiveMesh.vcxproj", "{ADB57333-3870-4D60-852F-B8D895B2AA4F}"
EndProject
Project("{8BC9CEB8-8B4A-11D0-8D11-00A0C91BC942}") = "AlphaBlend", "chapter07\AlphaBlend\AlphaBlend.vcxproj", "{3216205D-0C60-475A-B9E6-188DB55D8E7E}"
EndProject
Project("{8BC9CEB8-8B4A-11D0-8D11-00A0C91BC942}") = "StencilMirror", "chapter07\StencilMirror\StencilMirror.vcxproj", "{4DECF4C0-6375-4BBF-BE85-5FEBDC4539B8}"
EndProject
Project("{8BC9CEB8-8B4A-11D0-8D11-00A0C91BC942}") = "ZBufferTest", "chapter07\ZBufferTest\ZBufferTest.vcxproj", "{47ED9F65-B630-45C4-803C-6686C491867B}"
EndProject
Project("{8BC9CEB8-8B4A-11D0-8D11-00A0C91BC942}") = "BasicHLSL", "chapter08\BasicHLSL\BasicHLSL.vcxproj", "{8D97DCD7-DC2D-49BC-BA58-793CF82E2ADF}"
EndProject
Project("{8BC9CEB8-8B4A-11D0-8D11-00A0C91BC942}") = "Morphing", "chapter09\Morphing\Morphing.vcxproj", "{5E93D714-ED0F-4D88-9BA0-E980150F1193}"
EndProject
Project("{8BC9CEB8-8B4A-11D0-8D11-00A0C91BC942}") = "PixelShader", "chapter09\PixelShader\PixelShader.vcxproj", "{952A5692-F26D-403C-B135-714BDFC0C0A6}"
EndProject
Project("{8BC9CEB8-8B4A-11D0-8D11-00A0C91BC942}") = "SimpleEffect", "chapter09\SimpleEffect\SimpleEffect.vcxproj", "{B7DD1C93-912E-4B3F-A510-DAA3D86D7E3E}"
EndProject
Project("{8BC9CEB8-8B4A-11D0-8D11-00A0C91BC942}") = "VertexShader", "chapter09\VertexShader\VertexShader.vcxproj", "{3F59805A-88A4-44C8-A745-057A841D2BBA}"
EndProject
Project("{8BC9CEB8-8B4A-11D0-8D11-00A0C91BC942}") = "JoystickInput", "chapter10\JoystickInput\JoystickInput.vcxproj", "{760311C4-76CD-4709-B6D3-E10A3B46D599}"
EndProject
Project("{8BC9CEB8-8B4A-11D0-8D11-00A0C91BC942}") = "KeyboardInput", "chapter10\KeyboardInput\KeyboardInput.vcxproj", "{E83A7D69-7D6D-4265-99C2-2F04BE9F97C0}"
EndProject
Project("{8BC9CEB8-8B4A-11D0-8D11-00A0C91BC942}") = "MouseInput", "chapter10\MouseInput\MouseInput.vcxproj", "{09711996-08F7-42A7-995C-D55DA668CA47}"
EndProject
Project("{8BC9CEB8-8B4A-11D0-8D11-00A0C91BC942}") = "SimpleCamera", "chapter11\SimpleCamera\SimpleCamera.vcxproj", "{69613E6E-6A60-4069-AC6D-D858F3743D88}"
EndProject
Project("{8BC9CEB8-8B4A-11D0-8D11-00A0C91BC942}") = "SimpleSkybox", "chapter11\SimpleSkybox\SimpleSkybox.vcxproj", "{8B1620BC-E9F7-4BED-9D71-1999E3CF0896}"
EndProject
Project("{8BC9CEB8-8B4A-11D0-8D11-00A0C91BC942}") = "SimpleTerrain", "chapter11\SimpleTerrain\SimpleTerrain.vcxproj", "{6B5933D1-C0EB-4F57-8752-61D195B5195E}"
EndProject
Project("{8BC9CEB8-8B4A-11D0-8D11-00A0C91BC942}") = "CollisionTest", "chapter12\CollisionTest\CollisionTest.vcxproj", "{294EEB21-7B47-4D67-A8B4-0735A8B995D1}"
EndProject
Project("{8BC9CEB8-8B4A-11D0-8D11-00A0C91BC942}") = "PickExample", "chapter12\PickExample\PickExample.vcxproj", "{F26D4B66-D65C-49DC-9526-832A12A11BDE}"
EndProject
Project("{8BC9CEB8-8B4A-11D0-8D11-00A0C91BC942}") = "TextExample", "chapter12\TextExample\TextExample.vcxproj", "{54014E9A-35B4-43BD-ADD5-25B3E34C21D8}"
EndProject
Project("{8BC9CEB8-8B4A-11D0-8D11-00A0C91BC942}") = "PlanerShadow", "chapter14\PlanerShadow\PlanerShadow.vcxproj", "{95BC4C46-F23D-4540-92ED-65BFD82840E5}"
EndProject
Project("{8BC9CEB8-8B4A-11D0-8D11-00A0C91BC942}") = "VolumericShadow", "chapter14\VolumericShadow\VolumericShadow.vcxproj", "{A85438C5-2480-4E35-BD7B-CDDBA298173F}"
EndProject
Project("{8BC9CEB8-8B4A-11D0-8D11-00A0C91BC942}") = "Billboard", "chapter15\Billboard\Billboard.vcxproj", "{5C00EBA7-5F84-4F84-BB6B-446F9466823F}"
EndProject
Project("{8BC9CEB8-8B4A-11D0-8D11-00A0C91BC942}") = "Fireworks", "chapter15\Fireworks\Fireworks.vcxproj", "{FBE221C5-2578-4CE0-83C8-013E2B2B5411}"
EndProject
Project("{8BC9CEB8-8B4A-11D0-8D11-00A0C91BC942}") = "Spring", "chapter15\Spring\Spring.vcxproj", "{9D626E76-66F3-46EA-9D7E-B824D73AF19C}"
EndProject
Project("{8BC9CEB8-8B4A-11D0-8D11-00A0C91BC942}") = "PixelFog", "chapter16\PixelFog\PixelFog.vcxproj", "{6A1C696D-BD7D-4A55-8822-95801220EFC9}"
EndProject
Project("{8BC9CEB8-8B4A-11D0-8D11-00A0C91BC942}") = "SimpleLodTerrain", "chapter16\SimpleLodTerrain\SimpleLodTerrain.vcxproj", "{19266F33-59EF-4061-91CE-40297D4B0CDE}"
EndProject
Project("{8BC9CEB8-8B4A-11D0-8D11-00A0C91BC942}") = "VertexFog", "chapter16\VertexFog\VertexFog.vcxproj", "{61DC2DEC-3476-434E-A930-3652D45A754A}"
EndProject
Project("{8BC9CEB8-8B4A-11D0-8D11-00A0C91BC942}") = "DirectMusic", "chapter17\DirectMusic\DirectMusic.vcxproj", "{D50216D0-D905-4B0F-9326-D80D12255217}"
EndProject
Project("{8BC9CEB8-8B4A-11D0-8D11-00A0C91BC942}") = "DirectShow", "chapter17\DirectShow\DirectShow.vcxproj", "{8014E90D-1F3B-4E03-847F-1FF40040A5C3}"
EndProject
Project("{8BC9CEB8-8B4A-11D0-8D11-00A0C91BC942}") = "DirectSound", "chapter17\DirectSound\DirectSound.vcxproj", "{ED3B6AFB-08F1-442E-966D-E16935118C5B}"
EndProject
Project("{8BC9CEB8-8B4A-11D0-8D11-00A0C91BC942}") = "GameClient", "chapter18\GameClient\GameClient.vcxproj", "{A26C724D-A6D7-4BC5-8C66-36DAC4AE20C6}"
EndProject
Project("{8BC9CEB8-8B4A-11D0-8D11-00A0C91BC942}") = "GameServer", "chapter18\GameServer\GameServer.vcxproj", "{67CA17CE-CBC2-47A9-A623-9B4FD101A493}"
EndProject
Project("{8BC9CEB8-8B4A-11D0-8D11-00A0C91BC942}") = "SkinMesh_Tiny", "chapter13\SkinMesh_Tiny\SkinMesh_Tiny.vcxproj", "{E6D26083-D65C-4067-A233-51B0604AE2CA}"
EndProject
Project("{8BC9CEB8-8B4A-11D0-8D11-00A0C91BC942}") = "SkinMesh_Warrior", "chapter13\SkinMesh_Warrior\SkinMesh_Warrior.vcxproj", "{D2B248A1-FB7A-4D98-A828-ACCB23880345}"
EndProject
Project("{2150E333-8FDC-42A3-9474-1A3956D46DE8}") = "01-我的窗口", "01-我的窗口", "{9B37C19C-7D70-44EC-85E1-3EBE4EEBA48D}"
EndProject
Project("{2150E333-8FDC-42A3-9474-1A3956D46DE8}") = "01-剔除状态示例", "01-剔除状态示例", "{BD0BB2E9-CB1C-4BA8-B25A-DCA5EC46926C}"
EndProject
Project("{2150E333-8FDC-42A3-9474-1A3956D46DE8}") = "02-填充状态示例", "02-填充状态示例", "{422233C6-D0AE-4E76-888B-3E102FEA9BC9}"
EndProject
Project("{2150E333-8FDC-42A3-9474-1A3956D46DE8}") = "03-Direct3D示例", "03-Direct3D示例", "{7E8CF7CB-69D1-4FF3-89DB-65769C7BCCF8}"
EndProject
Project("{2150E333-8FDC-42A3-9474-1A3956D46DE8}") = "04-索引缓存示例", "04-索引缓存示例", "{2EFC1BC9-DD57-4C41-AC82-91798CE55B19}"
EndProject
Project("{2150E333-8FDC-42A3-9474-1A3956D46DE8}") = "05-着色状态示例", "05-着色状态示例", "{3DEFEEFD-8978-4677-A07A-19BC47D38AA8}"
EndProject
Project("{2150E333-8FDC-42A3-9474-1A3956D46DE8}") = "06-顶点缓存示例", "06-顶点缓存示例", "{DEACDAF2-66E7-4EBB-B943-2CA4FBDB7202}"
EndProject
Project("{2150E333-8FDC-42A3-9474-1A3956D46DE8}") = "01-空间坐标变换示例", "01-空间坐标变换示例", "{B987A96E-3A2C-41EA-9BA1-EF909B158D09}"
EndProject
Project("{2150E333-8FDC-42A3-9474-1A3956D46DE8}") = "01-光照与材质示例", "01-光照与材质示例", "{85473238-01EF-4B76-810D-3EC1ED4FECAB}"
EndProject
Project("{2150E333-8FDC-42A3-9474-1A3956D46DE8}") = "01-创建纹理示例", "01-创建纹理示例", "{C3E3ABA2-5210-4E91-B422-DED72A056CEC}"
EndProject
Project("{2150E333-8FDC-42A3-9474-1A3956D46DE8}") = "02-纹理寻址示例", "02-纹理寻址示例", "{5C0ABD55-15AD-4C17-BF27-4E3EE9FF094A}"
EndProject
Project("{2150E333-8FDC-42A3-9474-1A3956D46DE8}") = "03-纹理过滤示例", "03-纹理过滤示例", "{D21B5279-1EE0-40B1-A09B-9986C46495B5}"
EndProject
Project("{2150E333-8FDC-42A3-9474-1A3956D46DE8}") = "04-纹理包装示例", "04-纹理包装示例", "{84F1FC05-7296-4222-8EF2-5EFAA46DEE32}"
EndProject
Project("{2150E333-8FDC-42A3-9474-1A3956D46DE8}") = "01-创建网格示例", "01-创建网格示例", "{52424098-DB0B-4559-A308-50C6EE2B53E1}"
EndProject
Project("{2150E333-8FDC-42A3-9474-1A3956D46DE8}") = "02-D3D几何体示例", "02-D3D几何体示例", "{480F4F8E-573C-4EAC-93D2-4EC98EB83B37}"
EndProject
Project("{2150E333-8FDC-42A3-9474-1A3956D46DE8}") = "03-读取X文件示例", "03-读取X文件示例", "{724AFA9F-B808-46FD-ABB4-68934F144A03}"
EndProject
Project("{2150E333-8FDC-42A3-9474-1A3956D46DE8}") = "04-渐进网格示例", "04-渐进网格示例", "{9D8C2C89-6AA1-4219-8BDF-73A84BF3A562}"
EndProject
Project("{2150E333-8FDC-42A3-9474-1A3956D46DE8}") = "01-Alpha融合示例", "01-Alpha融合示例", "{9F1F52EA-EE70-4826-8982-7F373A173D26}"
EndProject
Project("{2150E333-8FDC-42A3-9474-1A3956D46DE8}") = "02-镜面效果示例", "02-镜面效果示例", "{47530F4C-FBC5-4EC7-B0E4-6824F895DA12}"
EndProject
Project("{2150E333-8FDC-42A3-9474-1A3956D46DE8}") = "03-深度测试示例", "03-深度测试示例", "{CCBDE534-A355-4CF9-B3A3-5AFF82BAE384}"
EndProject
Project("{2150E333-8FDC-42A3-9474-1A3956D46DE8}") = "01-HLSL语言示例", "01-HLSL语言示例", "{C75899D5-97FF-473F-9335-19C8827444C6}"
EndProject
Project("{2150E333-8FDC-42A3-9474-1A3956D46DE8}") = "01-渐变动画示例", "01-渐变动画示例", "{A37B2F22-2429-4A00-8B3F-806E812F9CD9}"
EndProject
Project("{2150E333-8FDC-42A3-9474-1A3956D46DE8}") = "02-像素着色器示例", "02-像素着色器示例", "{84C4180A-6FC0-4EB5-B781-E0718D4DAA24}"
EndProject
Project("{2150E333-8FDC-42A3-9474-1A3956D46DE8}") = "03-效果框架示例", "03-效果框架示例", "{A6F19FF3-B550-4592-A0DC-A38FD6C1D73D}"
EndProject
Project("{2150E333-8FDC-42A3-9474-1A3956D46DE8}") = "04-顶点着色器示例", "04-顶点着色器示例", "{0E32365B-724C-445C-88A3-11A9867E1A8C}"
EndProject
Project("{2150E333-8FDC-42A3-9474-1A3956D46DE8}") = "01-游戏杆控制示例", "01-游戏杆控制示例", "{B9A2C233-49B2-4CC7-A310-7AB222927309}"
EndProject
Project("{2150E333-8FDC-42A3-9474-1A3956D46DE8}") = "02-键盘输入控制示例", "02-键盘输入控制示例", "{9CD3B428-DCBA-42CE-A578-2C3E99EDCD95}"
EndProject
Project("{2150E333-8FDC-42A3-9474-1A3956D46DE8}") = "03-鼠标输入控制示例", "03-鼠标输入控制示例", "{7367D353-2328-43B0-A853-48739E0DEC22}"
EndProject
Project("{2150E333-8FDC-42A3-9474-1A3956D46DE8}") = "01-虚拟摄像机示例", "01-虚拟摄像机示例", "{071F6FB9-A815-4CB4-9B9E-5AD5E414D426}"
EndProject
Project("{2150E333-8FDC-42A3-9474-1A3956D46DE8}") = "02-天空盒绘制示例", "02-天空盒绘制示例", "{6E8FB601-D41F-4654-8462-42DA39AF6FD6}"
EndProject
Project("{2150E333-8FDC-42A3-9474-1A3956D46DE8}") = "03-3D地形绘制示例", "03-3D地形绘制示例", "{C9BFBB76-EA42-4466-81CA-FA028560C255}"
EndProject
Project("{2150E333-8FDC-42A3-9474-1A3956D46DE8}") = "01-碰撞检测示例", "01-碰撞检测示例", "{CA7064BD-66DC-48D9-A7A5-132EC0652E99}"
EndProject
Project("{2150E333-8FDC-42A3-9474-1A3956D46DE8}") = "02-拾取应用示例", "02-拾取应用示例", "{9D966CCF-526B-4B88-A962-FED0CEED1885}"
EndProject
Project("{2150E333-8FDC-42A3-9474-1A3956D46DE8}") = "03-文本输出示例", "03-文本输出示例", "{1A5162EB-430F-45E1-BE3E-116F5EAAD00A}"
EndProject
Project("{2150E333-8FDC-42A3-9474-1A3956D46DE8}") = "01-骨骼动画示例", "01-骨骼动画示例", "{420029F2-C42D-4B49-9F1C-F4EA1CB1431C}"
EndProject
Project("{2150E333-8FDC-42A3-9474-1A3956D46DE8}") = "02-骨骼动画示例", "02-骨骼动画示例", "{C2EF742B-3A8F-4CDA-B6AC-236C9195DBBE}"
EndProject
Project("{2150E333-8FDC-42A3-9474-1A3956D46DE8}") = "01-平面阴影示例", "01-平面阴影示例", "{A75DF61D-317E-4B80-BF03-34E931099A9C}"
EndProject
Project("{2150E333-8FDC-42A3-9474-1A3956D46DE8}") = "02-体积阴影示例", "02-体积阴影示例", "{B0AE0B45-45A8-46EF-A034-8E178F9F20DB}"
EndProject
Project("{2150E333-8FDC-42A3-9474-1A3956D46DE8}") = "01-广告牌示例", "01-广告牌示例", "{D03AC0A9-8D39-4A50-9EB6-8E2401BC3C24}"
EndProject
Project("{2150E333-8FDC-42A3-9474-1A3956D46DE8}") = "02-烟花效果示例", "02-烟花效果示例", "{1EB17BFC-1F17-4908-A827-636F7D4A07FF}"
EndProject
Project("{2150E333-8FDC-42A3-9474-1A3956D46DE8}") = "03-喷泉效果示例", "03-喷泉效果示例", "{F80F0AD5-8AC9-4F3A-B16F-4DF4CAD47911}"
EndProject
Project("{2150E333-8FDC-42A3-9474-1A3956D46DE8}") = "01-像素雾化示例", "01-像素雾化示例", "{0CC7070B-DE08-44F0-9EFA-46E191045FF7}"
EndProject
Project("{2150E333-8FDC-42A3-9474-1A3956D46DE8}") = "02-LOD地形绘制示例", "02-LOD地形绘制示例", "{E6BA704E-3292-4889-B675-13FE44C4E007}"
EndProject
Project("{2150E333-8FDC-42A3-9474-1A3956D46DE8}") = "03-顶点雾化示例", "03-顶点雾化示例", "{E1E7C305-F929-4129-A4FD-C7CE6109AF9B}"
EndProject
Project("{2150E333-8FDC-42A3-9474-1A3956D46DE8}") = "01-DirectMusic应用示例", "01-DirectMusic应用示例", "{21013531-DE39-4759-ABC1-71EBEB15102A}"
EndProject
Project("{2150E333-8FDC-42A3-9474-1A3956D46DE8}") = "02-DirectShow应用示例", "02-DirectShow应用示例", "{29B2025D-EFB2-4640-AE39-7A5C5AA5DD97}"
EndProject
Project("{2150E333-8FDC-42A3-9474-1A3956D46DE8}") = "03-DirectSound应用示例", "03-DirectSound应用示例", "{6496FFE8-6596-4993-A9FB-D3E24B894A0C}"
EndProject
Project("{2150E333-8FDC-42A3-9474-1A3956D46DE8}") = "01-", "01-", "{16E96773-9204-48D9-97BE-FF5A3691E008}"
EndProject
Project("{2150E333-8FDC-42A3-9474-1A3956D46DE8}") = "02-", "02-", "{3256E4EF-3440-4887-96D0-27DCD5E0A59D}"
EndProject
Global
	GlobalSection(SolutionConfigurationPlatforms) = preSolution
		Debug|x86 = Debug|x86
		Release|x86 = Release|x86
	EndGlobalSection
	GlobalSection(ProjectConfigurationPlatforms) = postSolution
		{639348F5-2559-4495-A61A-AF173FDFF2E7}.Debug|x86.ActiveCfg = Debug|Win32
		{639348F5-2559-4495-A61A-AF173FDFF2E7}.Release|x86.ActiveCfg = Release|Win32
		{639348F5-2559-4495-A61A-AF173FDFF2E7}.Release|x86.Build.0 = Release|Win32
		{53317DF8-794D-4935-9D9B-AF306C7D840A}.Debug|x86.ActiveCfg = Debug|Win32
		{53317DF8-794D-4935-9D9B-AF306C7D840A}.Release|x86.ActiveCfg = Release|Win32
		{53317DF8-794D-4935-9D9B-AF306C7D840A}.Release|x86.Build.0 = Release|Win32
		{BFE19F9F-6D57-4F97-8749-6C2234B5BC25}.Debug|x86.ActiveCfg = Debug|Win32
		{BFE19F9F-6D57-4F97-8749-6C2234B5BC25}.Release|x86.ActiveCfg = Release|Win32
		{BFE19F9F-6D57-4F97-8749-6C2234B5BC25}.Release|x86.Build.0 = Release|Win32
		{E876A8BE-1FE0-47E7-BD72-93E7A50B84A2}.Debug|x86.ActiveCfg = Debug|Win32
		{E876A8BE-1FE0-47E7-BD72-93E7A50B84A2}.Release|x86.ActiveCfg = Release|Win32
		{E876A8BE-1FE0-47E7-BD72-93E7A50B84A2}.Release|x86.Build.0 = Release|Win32
		{18036EAB-479E-49C8-ABC1-4F4D4BF44C54}.Debug|x86.ActiveCfg = Debug|Win32
		{18036EAB-479E-49C8-ABC1-4F4D4BF44C54}.Release|x86.ActiveCfg = Release|Win32
		{18036EAB-479E-49C8-ABC1-4F4D4BF44C54}.Release|x86.Build.0 = Release|Win32
		{3B589CB4-14F5-4C3D-B172-56123B204992}.Debug|x86.ActiveCfg = Debug|Win32
		{3B589CB4-14F5-4C3D-B172-56123B204992}.Release|x86.ActiveCfg = Release|Win32
		{3B589CB4-14F5-4C3D-B172-56123B204992}.Release|x86.Build.0 = Release|Win32
		{645DBE52-7000-4387-9957-E1C560D70ACC}.Debug|x86.ActiveCfg = Debug|Win32
		{645DBE52-7000-4387-9957-E1C560D70ACC}.Release|x86.ActiveCfg = Release|Win32
		{645DBE52-7000-4387-9957-E1C560D70ACC}.Release|x86.Build.0 = Release|Win32
		{D4B0A2FA-04FE-405C-9326-AAE36B0B1A89}.Debug|x86.ActiveCfg = Debug|Win32
		{D4B0A2FA-04FE-405C-9326-AAE36B0B1A89}.Release|x86.ActiveCfg = Release|Win32
		{D4B0A2FA-04FE-405C-9326-AAE36B0B1A89}.Release|x86.Build.0 = Release|Win32
		{EAE409AE-E25E-49C3-BFEB-5367AC0BB06A}.Debug|x86.ActiveCfg = Debug|Win32
		{EAE409AE-E25E-49C3-BFEB-5367AC0BB06A}.Release|x86.ActiveCfg = Release|Win32
		{EAE409AE-E25E-49C3-BFEB-5367AC0BB06A}.Release|x86.Build.0 = Release|Win32
		{75A3C4D1-2A3F-4036-9D07-083B9327D3DD}.Debug|x86.ActiveCfg = Debug|Win32
		{75A3C4D1-2A3F-4036-9D07-083B9327D3DD}.Release|x86.ActiveCfg = Release|Win32
		{75A3C4D1-2A3F-4036-9D07-083B9327D3DD}.Release|x86.Build.0 = Release|Win32
		{8FF7EEEE-F38B-4D26-A4E1-36C54195EB8C}.Debug|x86.ActiveCfg = Debug|Win32
		{8FF7EEEE-F38B-4D26-A4E1-36C54195EB8C}.Release|x86.ActiveCfg = Release|Win32
		{8FF7EEEE-F38B-4D26-A4E1-36C54195EB8C}.Release|x86.Build.0 = Release|Win32
		{C8587DA0-E84E-4926-9852-A822E8A7C504}.Debug|x86.ActiveCfg = Debug|Win32
		{C8587DA0-E84E-4926-9852-A822E8A7C504}.Release|x86.ActiveCfg = Release|Win32
		{C8587DA0-E84E-4926-9852-A822E8A7C504}.Release|x86.Build.0 = Release|Win32
		{EB032996-C0FE-423D-BFE1-717CECB413FF}.Debug|x86.ActiveCfg = Debug|Win32
		{EB032996-C0FE-423D-BFE1-717CECB413FF}.Release|x86.ActiveCfg = Release|Win32
		{EB032996-C0FE-423D-BFE1-717CECB413FF}.Release|x86.Build.0 = Release|Win32
		{CFBD77F9-F28E-4610-B107-B5FA8DAF2F68}.Debug|x86.ActiveCfg = Debug|Win32
		{CFBD77F9-F28E-4610-B107-B5FA8DAF2F68}.Release|x86.ActiveCfg = Release|Win32
		{CFBD77F9-F28E-4610-B107-B5FA8DAF2F68}.Release|x86.Build.0 = Release|Win32
		{640C485E-948E-4CF7-B0B8-5B47BB71BDBD}.Debug|x86.ActiveCfg = Debug|Win32
		{640C485E-948E-4CF7-B0B8-5B47BB71BDBD}.Release|x86.ActiveCfg = Release|Win32
		{640C485E-948E-4CF7-B0B8-5B47BB71BDBD}.Release|x86.Build.0 = Release|Win32
		{6B7762D8-1FF0-483F-AD9C-9573331D32B7}.Debug|x86.ActiveCfg = Debug|Win32
		{6B7762D8-1FF0-483F-AD9C-9573331D32B7}.Release|x86.ActiveCfg = Release|Win32
		{6B7762D8-1FF0-483F-AD9C-9573331D32B7}.Release|x86.Build.0 = Release|Win32
		{ADB57333-3870-4D60-852F-B8D895B2AA4F}.Debug|x86.ActiveCfg = Debug|Win32
		{ADB57333-3870-4D60-852F-B8D895B2AA4F}.Release|x86.ActiveCfg = Release|Win32
		{ADB57333-3870-4D60-852F-B8D895B2AA4F}.Release|x86.Build.0 = Release|Win32
		{3216205D-0C60-475A-B9E6-188DB55D8E7E}.Debug|x86.ActiveCfg = Debug|Win32
		{3216205D-0C60-475A-B9E6-188DB55D8E7E}.Release|x86.ActiveCfg = Release|Win32
		{3216205D-0C60-475A-B9E6-188DB55D8E7E}.Release|x86.Build.0 = Release|Win32
		{4DECF4C0-6375-4BBF-BE85-5FEBDC4539B8}.Debug|x86.ActiveCfg = Debug|Win32
		{4DECF4C0-6375-4BBF-BE85-5FEBDC4539B8}.Release|x86.ActiveCfg = Release|Win32
		{4DECF4C0-6375-4BBF-BE85-5FEBDC4539B8}.Release|x86.Build.0 = Release|Win32
		{47ED9F65-B630-45C4-803C-6686C491867B}.Debug|x86.ActiveCfg = Debug|Win32
		{47ED9F65-B630-45C4-803C-6686C491867B}.Release|x86.ActiveCfg = Release|Win32
		{47ED9F65-B630-45C4-803C-6686C491867B}.Release|x86.Build.0 = Release|Win32
		{8D97DCD7-DC2D-49BC-BA58-793CF82E2ADF}.Debug|x86.ActiveCfg = Debug|Win32
		{8D97DCD7-DC2D-49BC-BA58-793CF82E2ADF}.Release|x86.ActiveCfg = Release|Win32
		{8D97DCD7-DC2D-49BC-BA58-793CF82E2ADF}.Release|x86.Build.0 = Release|Win32
		{5E93D714-ED0F-4D88-9BA0-E980150F1193}.Debug|x86.ActiveCfg = Debug|Win32
		{5E93D714-ED0F-4D88-9BA0-E980150F1193}.Release|x86.ActiveCfg = Release|Win32
		{5E93D714-ED0F-4D88-9BA0-E980150F1193}.Release|x86.Build.0 = Release|Win32
		{952A5692-F26D-403C-B135-714BDFC0C0A6}.Debug|x86.ActiveCfg = Debug|Win32
		{952A5692-F26D-403C-B135-714BDFC0C0A6}.Release|x86.ActiveCfg = Release|Win32
		{952A5692-F26D-403C-B135-714BDFC0C0A6}.Release|x86.Build.0 = Release|Win32
		{B7DD1C93-912E-4B3F-A510-DAA3D86D7E3E}.Debug|x86.ActiveCfg = Debug|Win32
		{B7DD1C93-912E-4B3F-A510-DAA3D86D7E3E}.Release|x86.ActiveCfg = Release|Win32
		{B7DD1C93-912E-4B3F-A510-DAA3D86D7E3E}.Release|x86.Build.0 = Release|Win32
		{3F59805A-88A4-44C8-A745-057A841D2BBA}.Debug|x86.ActiveCfg = Debug|Win32
		{3F59805A-88A4-44C8-A745-057A841D2BBA}.Release|x86.ActiveCfg = Release|Win32
		{3F59805A-88A4-44C8-A745-057A841D2BBA}.Release|x86.Build.0 = Release|Win32
		{760311C4-76CD-4709-B6D3-E10A3B46D599}.Debug|x86.ActiveCfg = Debug|Win32
		{760311C4-76CD-4709-B6D3-E10A3B46D599}.Release|x86.ActiveCfg = Release|Win32
		{760311C4-76CD-4709-B6D3-E10A3B46D599}.Release|x86.Build.0 = Release|Win32
		{E83A7D69-7D6D-4265-99C2-2F04BE9F97C0}.Debug|x86.ActiveCfg = Debug|Win32
		{E83A7D69-7D6D-4265-99C2-2F04BE9F97C0}.Release|x86.ActiveCfg = Release|Win32
		{E83A7D69-7D6D-4265-99C2-2F04BE9F97C0}.Release|x86.Build.0 = Release|Win32
		{09711996-08F7-42A7-995C-D55DA668CA47}.Debug|x86.ActiveCfg = Debug|Win32
		{09711996-08F7-42A7-995C-D55DA668CA47}.Release|x86.ActiveCfg = Release|Win32
		{09711996-08F7-42A7-995C-D55DA668CA47}.Release|x86.Build.0 = Release|Win32
		{69613E6E-6A60-4069-AC6D-D858F3743D88}.Debug|x86.ActiveCfg = Debug|Win32
		{69613E6E-6A60-4069-AC6D-D858F3743D88}.Release|x86.ActiveCfg = Release|Win32
		{69613E6E-6A60-4069-AC6D-D858F3743D88}.Release|x86.Build.0 = Release|Win32
		{8B1620BC-E9F7-4BED-9D71-1999E3CF0896}.Debug|x86.ActiveCfg = Debug|Win32
		{8B1620BC-E9F7-4BED-9D71-1999E3CF0896}.Release|x86.ActiveCfg = Release|Win32
		{8B1620BC-E9F7-4BED-9D71-1999E3CF0896}.Release|x86.Build.0 = Release|Win32
		{6B5933D1-C0EB-4F57-8752-61D195B5195E}.Debug|x86.ActiveCfg = Debug|Win32
		{6B5933D1-C0EB-4F57-8752-61D195B5195E}.Release|x86.ActiveCfg = Release|Win32
		{6B5933D1-C0EB-4F57-8752-61D195B5195E}.Release|x86.Build.0 = Release|Win32
		{294EEB21-7B47-4D67-A8B4-0735A8B995D1}.Debug|x86.ActiveCfg = Debug|Win32
		{294EEB21-7B47-4D67-A8B4-0735A8B995D1}.Release|x86.ActiveCfg = Release|Win32
		{294EEB21-7B47-4D67-A8B4-0735A8B995D1}.Release|x86.Build.0 = Release|Win32
		{F26D4B66-D65C-49DC-9526-832A12A11BDE}.Debug|x86.ActiveCfg = Debug|Win32
		{F26D4B66-D65C-49DC-9526-832A12A11BDE}.Release|x86.ActiveCfg = Release|Win32
		{F26D4B66-D65C-49DC-9526-832A12A11BDE}.Release|x86.Build.0 = Release|Win32
		{54014E9A-35B4-43BD-ADD5-25B3E34C21D8}.Debug|x86.ActiveCfg = Debug|Win32
		{54014E9A-35B4-43BD-ADD5-25B3E34C21D8}.Release|x86.ActiveCfg = Release|Win32
		{54014E9A-35B4-43BD-ADD5-25B3E34C21D8}.Release|x86.Build.0 = Release|Win32
		{95BC4C46-F23D-4540-92ED-65BFD82840E5}.Debug|x86.ActiveCfg = Debug|Win32
		{95BC4C46-F23D-4540-92ED-65BFD82840E5}.Release|x86.ActiveCfg = Release|Win32
		{95BC4C46-F23D-4540-92ED-65BFD82840E5}.Release|x86.Build.0 = Release|Win32
		{A85438C5-2480-4E35-BD7B-CDDBA298173F}.Debug|x86.ActiveCfg = Debug|Win32
		{A85438C5-2480-4E35-BD7B-CDDBA298173F}.Release|x86.ActiveCfg = Release|Win32
		{A85438C5-2480-4E35-BD7B-CDDBA298173F}.Release|x86.Build.0 = Release|Win32
		{5C00EBA7-5F84-4F84-BB6B-446F9466823F}.Debug|x86.ActiveCfg = Debug|Win32
		{5C00EBA7-5F84-4F84-BB6B-446F9466823F}.Release|x86.ActiveCfg = Release|Win32
		{5C00EBA7-5F84-4F84-BB6B-446F9466823F}.Release|x86.Build.0 = Release|Win32
		{FBE221C5-2578-4CE0-83C8-013E2B2B5411}.Debug|x86.ActiveCfg = Debug|Win32
		{FBE221C5-2578-4CE0-83C8-013E2B2B5411}.Release|x86.ActiveCfg = Release|Win32
		{FBE221C5-2578-4CE0-83C8-013E2B2B5411}.Release|x86.Build.0 = Release|Win32
		{9D626E76-66F3-46EA-9D7E-B824D73AF19C}.Debug|x86.ActiveCfg = Debug|Win32
		{9D626E76-66F3-46EA-9D7E-B824D73AF19C}.Release|x86.ActiveCfg = Release|Win32
		{9D626E76-66F3-46EA-9D7E-B824D73AF19C}.Release|x86.Build.0 = Release|Win32
		{6A1C696D-BD7D-4A55-8822-95801220EFC9}.Debug|x86.ActiveCfg = Debug|Win32
		{6A1C696D-BD7D-4A55-8822-95801220EFC9}.Release|x86.ActiveCfg = Release|Win32
		{6A1C696D-BD7D-4A55-8822-95801220EFC9}.Release|x86.Build.0 = Release|Win32
		{19266F33-59EF-4061-91CE-40297D4B0CDE}.Debug|x86.ActiveCfg = Debug|Win32
		{19266F33-59EF-4061-91CE-40297D4B0CDE}.Release|x86.ActiveCfg = Release|Win32
		{19266F33-59EF-4061-91CE-40297D4B0CDE}.Release|x86.Build.0 = Release|Win32
		{61DC2DEC-3476-434E-A930-3652D45A754A}.Debug|x86.ActiveCfg = Debug|Win32
		{61DC2DEC-3476-434E-A930-3652D45A754A}.Release|x86.ActiveCfg = Release|Win32
		{61DC2DEC-3476-434E-A930-3652D45A754A}.Release|x86.Build.0 = Release|Win32
		{D50216D0-D905-4B0F-9326-D80D12255217}.Debug|x86.ActiveCfg = Debug|Win32
		{D50216D0-D905-4B0F-9326-D80D12255217}.Release|x86.ActiveCfg = Release|Win32
		{D50216D0-D905-4B0F-9326-D80D12255217}.Release|x86.Build.0 = Release|Win32
		{8014E90D-1F3B-4E03-847F-1FF40040A5C3}.Debug|x86.ActiveCfg = Debug|Win32
		{8014E90D-1F3B-4E03-847F-1FF40040A5C3}.Release|x86.ActiveCfg = Release|Win32
		{8014E90D-1F3B-4E03-847F-1FF40040A5C3}.Release|x86.Build.0 = Release|Win32
		{ED3B6AFB-08F1-442E-966D-E16935118C5B}.Debug|x86.ActiveCfg = Debug|Win32
		{ED3B6AFB-08F1-442E-966D-E16935118C5B}.Release|x86.ActiveCfg = Release|Win32
		{ED3B6AFB-08F1-442E-966D-E16935118C5B}.Release|x86.Build.0 = Release|Win32
		{A26C724D-A6D7-4BC5-8C66-36DAC4AE20C6}.Debug|x86.ActiveCfg = Debug|Win32
		{A26C724D-A6D7-4BC5-8C66-36DAC4AE20C6}.Release|x86.ActiveCfg = Release|Win32
		{A26C724D-A6D7-4BC5-8C66-36DAC4AE20C6}.Release|x86.Build.0 = Release|Win32
		{67CA17CE-CBC2-47A9-A623-9B4FD101A493}.Debug|x86.ActiveCfg = Debug|Win32
		{67CA17CE-CBC2-47A9-A623-9B4FD101A493}.Release|x86.ActiveCfg = Release|Win32
		{67CA17CE-CBC2-47A9-A623-9B4FD101A493}.Release|x86.Build.0 = Release|Win32
		{E6D26083-D65C-4067-A233-51B0604AE2CA}.Debug|x86.ActiveCfg = Debug|Win32
		{E6D26083-D65C-4067-A233-51B0604AE2CA}.Release|x86.ActiveCfg = Release|Win32
		{E6D26083-D65C-4067-A233-51B0604AE2CA}.Release|x86.Build.0 = Release|Win32
		{D2B248A1-FB7A-4D98-A828-ACCB23880345}.Debug|x86.ActiveCfg = Debug|Win32
		{D2B248A1-FB7A-4D98-A828-ACCB23880345}.Release|x86.ActiveCfg = Release|Win32
		{D2B248A1-FB7A-4D98-A828-ACCB23880345}.Release|x86.Build.0 = Release|Win32
	EndGlobalSection
	GlobalSection(SolutionProperties) = preSolution
		HideSolutionNode = FALSE
	EndGlobalSection
	GlobalSection(NestedProjects) = preSolution
		{639348F5-2559-4495-A61A-AF173FDFF2E7} = {9B37C19C-7D70-44EC-85E1-3EBE4EEBA48D}
		{53317DF8-794D-4935-9D9B-AF306C7D840A} = {BD0BB2E9-CB1C-4BA8-B25A-DCA5EC46926C}
		{BFE19F9F-6D57-4F97-8749-6C2234B5BC25} = {422233C6-D0AE-4E76-888B-3E102FEA9BC9}
		{E876A8BE-1FE0-47E7-BD72-93E7A50B84A2} = {7E8CF7CB-69D1-4FF3-89DB-65769C7BCCF8}
		{18036EAB-479E-49C8-ABC1-4F4D4BF44C54} = {2EFC1BC9-DD57-4C41-AC82-91798CE55B19}
		{3B589CB4-14F5-4C3D-B172-56123B204992} = {3DEFEEFD-8978-4677-A07A-19BC47D38AA8}
		{645DBE52-7000-4387-9957-E1C560D70ACC} = {DEACDAF2-66E7-4EBB-B943-2CA4FBDB7202}
		{D4B0A2FA-04FE-405C-9326-AAE36B0B1A89} = {B987A96E-3A2C-41EA-9BA1-EF909B158D09}
		{EAE409AE-E25E-49C3-BFEB-5367AC0BB06A} = {85473238-01EF-4B76-810D-3EC1ED4FECAB}
		{75A3C4D1-2A3F-4036-9D07-083B9327D3DD} = {C3E3ABA2-5210-4E91-B422-DED72A056CEC}
		{8FF7EEEE-F38B-4D26-A4E1-36C54195EB8C} = {5C0ABD55-15AD-4C17-BF27-4E3EE9FF094A}
		{C8587DA0-E84E-4926-9852-A822E8A7C504} = {D21B5279-1EE0-40B1-A09B-9986C46495B5}
		{EB032996-C0FE-423D-BFE1-717CECB413FF} = {84F1FC05-7296-4222-8EF2-5EFAA46DEE32}
		{CFBD77F9-F28E-4610-B107-B5FA8DAF2F68} = {52424098-DB0B-4559-A308-50C6EE2B53E1}
		{640C485E-948E-4CF7-B0B8-5B47BB71BDBD} = {480F4F8E-573C-4EAC-93D2-4EC98EB83B37}
		{6B7762D8-1FF0-483F-AD9C-9573331D32B7} = {724AFA9F-B808-46FD-ABB4-68934F144A03}
		{ADB57333-3870-4D60-852F-B8D895B2AA4F} = {9D8C2C89-6AA1-4219-8BDF-73A84BF3A562}
		{3216205D-0C60-475A-B9E6-188DB55D8E7E} = {9F1F52EA-EE70-4826-8982-7F373A173D26}
		{4DECF4C0-6375-4BBF-BE85-5FEBDC4539B8} = {47530F4C-FBC5-4EC7-B0E4-6824F895DA12}
		{47ED9F65-B630-45C4-803C-6686C491867B} = {CCBDE534-A355-4CF9-B3A3-5AFF82BAE384}
		{8D97DCD7-DC2D-49BC-BA58-793CF82E2ADF} = {C75899D5-97FF-473F-9335-19C8827444C6}
		{5E93D714-ED0F-4D88-9BA0-E980150F1193} = {A37B2F22-2429-4A00-8B3F-806E812F9CD9}
		{952A5692-F26D-403C-B135-714BDFC0C0A6} = {84C4180A-6FC0-4EB5-B781-E0718D4DAA24}
		{B7DD1C93-912E-4B3F-A510-DAA3D86D7E3E} = {A6F19FF3-B550-4592-A0DC-A38FD6C1D73D}
		{3F59805A-88A4-44C8-A745-057A841D2BBA} = {0E32365B-724C-445C-88A3-11A9867E1A8C}
		{760311C4-76CD-4709-B6D3-E10A3B46D599} = {B9A2C233-49B2-4CC7-A310-7AB222927309}
		{E83A7D69-7D6D-4265-99C2-2F04BE9F97C0} = {9CD3B428-DCBA-42CE-A578-2C3E99EDCD95}
		{09711996-08F7-42A7-995C-D55DA668CA47} = {7367D353-2328-43B0-A853-48739E0DEC22}
		{69613E6E-6A60-4069-AC6D-D858F3743D88} = {071F6FB9-A815-4CB4-9B9E-5AD5E414D426}
		{8B1620BC-E9F7-4BED-9D71-1999E3CF0896} = {6E8FB601-D41F-4654-8462-42DA39AF6FD6}
		{6B5933D1-C0EB-4F57-8752-61D195B5195E} = {C9BFBB76-EA42-4466-81CA-FA028560C255}
		{294EEB21-7B47-4D67-A8B4-0735A8B995D1} = {CA7064BD-66DC-48D9-A7A5-132EC0652E99}
		{F26D4B66-D65C-49DC-9526-832A12A11BDE} = {9D966CCF-526B-4B88-A962-FED0CEED1885}
		{54014E9A-35B4-43BD-ADD5-25B3E34C21D8} = {1A5162EB-430F-45E1-BE3E-116F5EAAD00A}
		{95BC4C46-F23D-4540-92ED-65BFD82840E5} = {A75DF61D-317E-4B80-BF03-34E931099A9C}
		{A85438C5-2480-4E35-BD7B-CDDBA298173F} = {B0AE0B45-45A8-46EF-A034-8E178F9F20DB}
		{5C00EBA7-5F84-4F84-BB6B-446F9466823F} = {D03AC0A9-8D39-4A50-9EB6-8E2401BC3C24}
		{FBE221C5-2578-4CE0-83C8-013E2B2B5411} = {1EB17BFC-1F17-4908-A827-636F7D4A07FF}
		{9D626E76-66F3-46EA-9D7E-B824D73AF19C} = {F80F0AD5-8AC9-4F3A-B16F-4DF4CAD47911}
		{6A1C696D-BD7D-4A55-8822-95801220EFC9} = {0CC7070B-DE08-44F0-9EFA-46E191045FF7}
		{19266F33-59EF-4061-91CE-40297D4B0CDE} = {E6BA704E-3292-4889-B675-13FE44C4E007}
		{61DC2DEC-3476-434E-A930-3652D45A754A} = {E1E7C305-F929-4129-A4FD-C7CE6109AF9B}
		{D50216D0-D905-4B0F-9326-D80D12255217} = {21013531-DE39-4759-ABC1-71EBEB15102A}
		{8014E90D-1F3B-4E03-847F-1FF40040A5C3} = {29B2025D-EFB2-4640-AE39-7A5C5AA5DD97}
		{ED3B6AFB-08F1-442E-966D-E16935118C5B} = {6496FFE8-6596-4993-A9FB-D3E24B894A0C}
		{A26C724D-A6D7-4BC5-8C66-36DAC4AE20C6} = {16E96773-9204-48D9-97BE-FF5A3691E008}
		{67CA17CE-CBC2-47A9-A623-9B4FD101A493} = {3256E4EF-3440-4887-96D0-27DCD5E0A59D}
		{E6D26083-D65C-4067-A233-51B0604AE2CA} = {420029F2-C42D-4B49-9F1C-F4EA1CB1431C}
		{D2B248A1-FB7A-4D98-A828-ACCB23880345} = {C2EF742B-3A8F-4CDA-B6AC-236C9195DBBE}
		{9B37C19C-7D70-44EC-85E1-3EBE4EEBA48D} = {1D316673-DB6F-4DCF-A0C6-E05A63090648}
		{BD0BB2E9-CB1C-4BA8-B25A-DCA5EC46926C} = {CBB44E83-FECE-4DFD-9807-22DD288F3D83}
		{422233C6-D0AE-4E76-888B-3E102FEA9BC9} = {CBB44E83-FECE-4DFD-9807-22DD288F3D83}
		{7E8CF7CB-69D1-4FF3-89DB-65769C7BCCF8} = {CBB44E83-FECE-4DFD-9807-22DD288F3D83}
		{2EFC1BC9-DD57-4C41-AC82-91798CE55B19} = {CBB44E83-FECE-4DFD-9807-22DD288F3D83}
		{3DEFEEFD-8978-4677-A07A-19BC47D38AA8} = {CBB44E83-FECE-4DFD-9807-22DD288F3D83}
		{DEACDAF2-66E7-4EBB-B943-2CA4FBDB7202} = {CBB44E83-FECE-4DFD-9807-22DD288F3D83}
		{B987A96E-3A2C-41EA-9BA1-EF909B158D09} = {020A035D-A9B8-4F3E-AAA4-A3C91E308479}
		{85473238-01EF-4B76-810D-3EC1ED4FECAB} = {E7B1BE54-9562-47F9-BFEC-45A574606C67}
		{C3E3ABA2-5210-4E91-B422-DED72A056CEC} = {D41A290F-FDFB-4E4D-8103-DEBD67AF617E}
		{5C0ABD55-15AD-4C17-BF27-4E3EE9FF094A} = {D41A290F-FDFB-4E4D-8103-DEBD67AF617E}
		{D21B5279-1EE0-40B1-A09B-9986C46495B5} = {D41A290F-FDFB-4E4D-8103-DEBD67AF617E}
		{84F1FC05-7296-4222-8EF2-5EFAA46DEE32} = {D41A290F-FDFB-4E4D-8103-DEBD67AF617E}
		{52424098-DB0B-4559-A308-50C6EE2B53E1} = {4F748B5A-805E-40FC-85EF-6BBB19876528}
		{480F4F8E-573C-4EAC-93D2-4EC98EB83B37} = {4F748B5A-805E-40FC-85EF-6BBB19876528}
		{724AFA9F-B808-46FD-ABB4-68934F144A03} = {4F748B5A-805E-40FC-85EF-6BBB19876528}
		{9D8C2C89-6AA1-4219-8BDF-73A84BF3A562} = {4F748B5A-805E-40FC-85EF-6BBB19876528}
		{9F1F52EA-EE70-4826-8982-7F373A173D26} = {2CC8C8BA-2A70-4CB9-B457-F76375CD9A73}
		{47530F4C-FBC5-4EC7-B0E4-6824F895DA12} = {2CC8C8BA-2A70-4CB9-B457-F76375CD9A73}
		{CCBDE534-A355-4CF9-B3A3-5AFF82BAE384} = {2CC8C8BA-2A70-4CB9-B457-F76375CD9A73}
		{C75899D5-97FF-473F-9335-19C8827444C6} = {383AD2D5-0B23-4A65-B95C-C1AD6A1EC82D}
		{A37B2F22-2429-4A00-8B3F-806E812F9CD9} = {265FDA12-96A4-48F3-9AEA-1AC2B92B24A8}
		{84C4180A-6FC0-4EB5-B781-E0718D4DAA24} = {265FDA12-96A4-48F3-9AEA-1AC2B92B24A8}
		{A6F19FF3-B550-4592-A0DC-A38FD6C1D73D} = {265FDA12-96A4-48F3-9AEA-1AC2B92B24A8}
		{0E32365B-724C-445C-88A3-11A9867E1A8C} = {265FDA12-96A4-48F3-9AEA-1AC2B92B24A8}
		{B9A2C233-49B2-4CC7-A310-7AB222927309} = {7E6CAC13-9379-4C51-8E42-2ECFB6E0F79A}
		{9CD3B428-DCBA-42CE-A578-2C3E99EDCD95} = {7E6CAC13-9379-4C51-8E42-2ECFB6E0F79A}
		{7367D353-2328-43B0-A853-48739E0DEC22} = {7E6CAC13-9379-4C51-8E42-2ECFB6E0F79A}
		{071F6FB9-A815-4CB4-9B9E-5AD5E414D426} = {B52F9885-16CE-4DED-B1F3-916B1D6B1736}
		{6E8FB601-D41F-4654-8462-42DA39AF6FD6} = {B52F9885-16CE-4DED-B1F3-916B1D6B1736}
		{C9BFBB76-EA42-4466-81CA-FA028560C255} = {B52F9885-16CE-4DED-B1F3-916B1D6B1736}
		{CA7064BD-66DC-48D9-A7A5-132EC0652E99} = {8CB0D0EE-6D4B-4CE4-9689-636C6359EFA8}
		{9D966CCF-526B-4B88-A962-FED0CEED1885} = {8CB0D0EE-6D4B-4CE4-9689-636C6359EFA8}
		{1A5162EB-430F-45E1-BE3E-116F5EAAD00A} = {8CB0D0EE-6D4B-4CE4-9689-636C6359EFA8}
		{420029F2-C42D-4B49-9F1C-F4EA1CB1431C} = {A1EC7E96-5591-4A31-AB0B-65648F2AEB47}
		{C2EF742B-3A8F-4CDA-B6AC-236C9195DBBE} = {A1EC7E96-5591-4A31-AB0B-65648F2AEB47}
		{A75DF61D-317E-4B80-BF03-34E931099A9C} = {F4727D34-C46D-471B-9D7A-0D6BC1DE18C6}
		{B0AE0B45-45A8-46EF-A034-8E178F9F20DB} = {F4727D34-C46D-471B-9D7A-0D6BC1DE18C6}
		{D03AC0A9-8D39-4A50-9EB6-8E2401BC3C24} = {522ACDD1-2DEC-4D36-9DD1-3AE7680B3946}
		{1EB17BFC-1F17-4908-A827-636F7D4A07FF} = {522ACDD1-2DEC-4D36-9DD1-3AE7680B3946}
		{F80F0AD5-8AC9-4F3A-B16F-4DF4CAD47911} = {522ACDD1-2DEC-4D36-9DD1-3AE7680B3946}
		{0CC7070B-DE08-44F0-9EFA-46E191045FF7} = {7985CEF3-4B4F-4397-AE20-2418C85E2EA5}
		{E6BA704E-3292-4889-B675-13FE44C4E007} = {7985CEF3-4B4F-4397-AE20-2418C85E2EA5}
		{E1E7C305-F929-4129-A4FD-C7CE6109AF9B} = {7985CEF3-4B4F-4397-AE20-2418C85E2EA5}
		{21013531-DE39-4759-ABC1-71EBEB15102A} = {B18B8987-2B89-4102-92BE-1680285DAF51}
		{29B2025D-EFB2-4640-AE39-7A5C5AA5DD97} = {B18B8987-2B89-4102-92BE-1680285DAF51}
		{6496FFE8-6596-4993-A9FB-D3E24B894A0C} = {B18B8987-2B89-4102-92BE-1680285DAF51}
		{16E96773-9204-48D9-97BE-FF5A3691E008} = {6B97C605-E366-4323-9A0B-42F7E7573A62}
		{3256E4EF-3440-4887-96D0-27DCD5E0A59D} = {6B97C605-E366-4323-9A0B-42F7E7573A62}
	EndGlobalSection
	GlobalSection(ExtensibilityGlobals) = postSolution
		SolutionGuid = {B8E769D3-24DC-4FEE-A3F4-2C4308287186}
	EndGlobalSection
EndGlobal
